PODS:
  - LPSnackbar (2.0.0)
  - UICircularProgressRing (1.7.4)
  - UIEmptyState (2.0.2)

DEPENDENCIES:
  - LPSnackbar
  - UICircularProgressRing
  - UIEmptyState

SPEC CHECKSUMS:
  LPSnackbar: 2b9f3c93216911853ad515ca0653e3a9b2b4119b
  UICircularProgressRing: 5aca63423d913dc967661370e94e2af0770dd9cd
  UIEmptyState: d75e294fd324520c0c437e17dd096a1a5f5b2b25

PODFILE CHECKSUM: c6e982087c94e81b510b1ac8f48c2266a2e822ab

COCOAPODS: 1.3.1
